github.com/tidwall/gjson v1.9.2 h1:SJQc2IgWWKL5V+YGJrr95hjNXFeZzHT2L9Wv1aAb51Q=
github.com/tidwall/gjson v1.9.2/go.mod h1:2tcKM/KQ/GjiTN7mfTL/HdNmef9Q6AZLaSK2RdfvSjw=
github.com/tidwall/match v1.1.0/go.mod h1:eRSPERbgtNPcGhD8UCthc6PmLEQXEWd3PRB5JTxsfmM=
github.com/tidwall/match v1.1.1 h1:+Ho715JplO36QYgwN9PGYNhgZvoUSc9X2c80KVTi+GA=
github.com/tidwall/match v1.1.1/go.mod h1:eRSPERbgtNPcGhD8UCthc6PmLEQXEWd3PRB5JTxsfmM=
github.com/tidwall/pretty v1.2.0 h1:RWIZEg2iJ8/g6fDDYzMpobmaoGh5OLl4AXtGUGPcqCs=
github.com/tidwall/pretty v1.2.0/go.mod h1:ITEVvHYasfjBbM0u2Pg8T2nJnzm8xPwvNhhsoaGGjNU=
